
Microsoft Visual Studio Solution File, Format Version 12.00
# Visual Studio Version 17
VisualStudioVersion = 17.4.33213.308
MinimumVisualStudioVersion = 10.0.40219.1
Project("{FAE04EC0-301F-11D3-BF4B-00C04F79EFBC}") = "stomp-client", "stomp-client\stomp-client.csproj", "{DEAEDF85-4BD3-44E3-B73A-D70179651559}"
EndProject
Global
	GlobalSection(SolutionConfigurationPlatforms) = preSolution
		Debug|Any CPU = Debug|Any CPU
		Release|Any CPU = Release|Any CPU
	EndGlobalSection
	GlobalSection(ProjectConfigurationPlatforms) = postSolution
		{DEAEDF85-4BD3-44E3-B73A-D70179651559}.Debug|Any CPU.ActiveCfg = Debug|Any CPU
		{DEAEDF85-4BD3-44E3-B73A-D70179651559}.Debug|Any CPU.Build.0 = Debug|Any CPU
		{DEAEDF85-4BD3-44E3-B73A-D70179651559}.Release|Any CPU.ActiveCfg = Release|Any CPU
		{DEAEDF85-4BD3-44E3-B73A-D70179651559}.Release|Any CPU.Build.0 = Release|Any CPU
	EndGlobalSection
	GlobalSection(SolutionProperties) = preSolution
		HideSolutionNode = FALSE
	EndGlobalSection
	GlobalSection(ExtensibilityGlobals) = postSolution
		SolutionGuid = {36AD4AAC-9775-479F-B71D-474AD7303E06}
	EndGlobalSection
EndGlobal
